<?xml version="1.0" encoding="utf-8"?>
<Project ToolsVersion="4.0" xmlns="http://schemas.microsoft.com/developer/msbuild/2003">
  <ItemGroup>
    <ClCompile Include="..\Affine.cpp">
      <Filter>Cpp</Filter>
    </ClCompile>
    <ClCompile Include="..\main.cpp" />
    <ClCompile Include="..\Camera.cpp">
      <Filter>Cpp</Filter>
    </ClCompile>
    <ClCompile Include="..\Projection.cpp">
      <Filter>Cpp</Filter>
    </ClCompile>
    <ClCompile Include="..\Client.cpp">
      <Filter>Cpp</Filter>
    </ClCompile>
    <ClCompile Include="..\CubeMesh.cpp">
      <Filter>Cpp\Discarded\ObjectMesh</Filter>
    </ClCompile>
    <ClCompile Include="..\SnubDodecMesh.cpp">
      <Filter>Cpp\Discarded\ObjectMesh</Filter>
    </ClCompile>
    <ClCompile Include="..\Graphic.cpp">
      <Filter>Cpp</Filter>
    </ClCompile>
    <ClCompile Include="..\SimpleCube_Mesh.cpp">
      <Filter>Cpp\Discarded\ObjectMesh</Filter>
    </ClCompile>
    <ClCompile Include="..\Image.cpp">
      <Filter>Cpp</Filter>
    </ClCompile>
    <ClCompile Include="..\Level1.cpp">
      <Filter>Engine\Cpp</Filter>
    </ClCompile>
    <ClCompile Include="..\Light_Mesh.cpp">
      <Filter>Cpp\Discarded\ObjectMesh</Filter>
    </ClCompile>
    <ClCompile Include="..\Ground.cpp">
      <Filter>Cpp\Discarded</Filter>
    </ClCompile>
    <ClCompile Include="..\Mesh.cpp">
      <Filter>Cpp\Discarded</Filter>
    </ClCompile>
    <ClCompile Include="..\Mesh_Object.cpp">
      <Filter>Cpp\Discarded</Filter>
    </ClCompile>
    <ClCompile Include="..\Object.cpp">
      <Filter>Cpp\Discarded</Filter>
    </ClCompile>
    <ClCompile Include="..\Object_ExceptShadow.cpp">
      <Filter>Cpp\Discarded</Filter>
    </ClCompile>
    <ClCompile Include="..\Shader.cpp">
      <Filter>Cpp</Filter>
    </ClCompile>
    <ClCompile Include="..\LoadedObj.cpp">
      <Filter>Cpp</Filter>
    </ClCompile>
    <ClCompile Include="..\UniformManager.cpp">
      <Filter>Cpp</Filter>
    </ClCompile>
    <ClCompile Include="..\DrawingManager.cpp">
      <Filter>Cpp</Filter>
    </ClCompile>
    <ClCompile Include="..\CameraManager.cpp">
      <Filter>Cpp</Filter>
    </ClCompile>
    <ClCompile Include="..\RaycastManager.cpp">
      <Filter>Cpp</Filter>
    </ClCompile>
    <ClCompile Include="..\PositionConverter.cpp">
      <Filter>Cpp</Filter>
    </ClCompile>
    <ClCompile Include="..\Level2.cpp">
      <Filter>Engine\Cpp</Filter>
    </ClCompile>
    <ClCompile Include="..\Sphere_mesh.cpp">
      <Filter>Cpp</Filter>
    </ClCompile>
    <ClCompile Include="..\BinaryFileManager.cpp">
      <Filter>Cpp</Filter>
    </ClCompile>
    <ClCompile Include="..\FrameBuffer.cpp">
      <Filter>Cpp</Filter>
    </ClCompile>
    <ClCompile Include="..\SkyBox.cpp">
      <Filter>Cpp</Filter>
    </ClCompile>
    <ClCompile Include="..\OutLine.cpp">
      <Filter>Cpp</Filter>
    </ClCompile>
    <ClCompile Include="..\Particle.cpp">
      <Filter>Cpp</Filter>
    </ClCompile>
    <ClCompile Include="..\Level3.cpp">
      <Filter>Engine\Cpp</Filter>
    </ClCompile>
    <ClCompile Include="..\RandomNumGenerator.h">
      <Filter>Header</Filter>
    </ClCompile>
    <ClCompile Include="..\Level4.cpp">
      <Filter>Engine\Cpp</Filter>
    </ClCompile>
    <ClCompile Include="..\Water.cpp">
      <Filter>Cpp</Filter>
    </ClCompile>
    <ClCompile Include="..\WaterFrameBuffer.cpp">
      <Filter>Cpp</Filter>
    </ClCompile>
    <ClCompile Include="..\Texture.cpp">
      <Filter>Cpp</Filter>
    </ClCompile>
    <ClCompile Include="FrameBufferTexturing.cpp">
      <Filter>Cpp</Filter>
    </ClCompile>
    <ClCompile Include="..\VAO.cpp">
      <Filter>Cpp</Filter>
    </ClCompile>
    <ClCompile Include="..\WaterRenderer.cpp">
      <Filter>Cpp</Filter>
    </ClCompile>
    <ClCompile Include="..\Level5.cpp">
      <Filter>Engine\Cpp</Filter>
    </ClCompile>
    <ClCompile Include="..\Level6.cpp">
      <Filter>Engine\Cpp</Filter>
    </ClCompile>
    <ClCompile Include="..\Level7.cpp">
      <Filter>Engine\Cpp</Filter>
    </ClCompile>
    <ClCompile Include="..\Level8.cpp">
      <Filter>Engine\Cpp</Filter>
    </ClCompile>
    <ClCompile Include="..\RandomNumGenerator.cpp">
      <Filter>Cpp</Filter>
    </ClCompile>
    <ClCompile Include="..\Level9.cpp">
      <Filter>Engine\Cpp</Filter>
    </ClCompile>
    <ClCompile Include="..\InputManager.cpp">
      <Filter>Cpp</Filter>
    </ClCompile>
    <ClCompile Include="..\loadTga.cpp">
      <Filter>Cpp</Filter>
    </ClCompile>
    <ClCompile Include="..\Level10.cpp">
      <Filter>Engine\Cpp</Filter>
    </ClCompile>
    <ClCompile Include="..\FluidCompute.cpp">
      <Filter>Cpp</Filter>
    </ClCompile>
    <ClCompile Include="..\FluidGrid.cpp">
      <Filter>Cpp</Filter>
    </ClCompile>
    <ClCompile Include="..\Level11.cpp">
      <Filter>Engine\Cpp</Filter>
    </ClCompile>
  </ItemGroup>
  <ItemGroup>
    <Filter Include="Header">
      <UniqueIdentifier>{d82de508-c42e-4154-86ab-e585c411e067}</UniqueIdentifier>
    </Filter>
    <Filter Include="Cpp">
      <UniqueIdentifier>{ec254fef-800c-4d83-b4b5-fdbc92a61a95}</UniqueIdentifier>
    </Filter>
    <Filter Include="Shaders">
      <UniqueIdentifier>{a707770f-b180-4638-9702-0554d03a11f3}</UniqueIdentifier>
    </Filter>
    <Filter Include="Shaders\Vertex">
      <UniqueIdentifier>{e07709b8-c6ef-4d32-af25-b7f08cba4150}</UniqueIdentifier>
    </Filter>
    <Filter Include="Shaders\Fragment">
      <UniqueIdentifier>{affeb317-7def-475a-8909-f0881a95b961}</UniqueIdentifier>
    </Filter>
    <Filter Include="Engine">
      <UniqueIdentifier>{4f443a73-53c1-4741-b35a-9227afd23754}</UniqueIdentifier>
    </Filter>
    <Filter Include="Engine\Cpp">
      <UniqueIdentifier>{ff9dcc8e-1d20-4d94-bce0-d1fb00934449}</UniqueIdentifier>
    </Filter>
    <Filter Include="Engine\Hpp">
      <UniqueIdentifier>{95d9a978-2480-4d4d-874d-11d37cbdbfbf}</UniqueIdentifier>
    </Filter>
    <Filter Include="Cpp\Discarded">
      <UniqueIdentifier>{4d2d82a6-cba1-4806-ad1d-e21b6f2b4aec}</UniqueIdentifier>
    </Filter>
    <Filter Include="Cpp\Discarded\ObjectMesh">
      <UniqueIdentifier>{b6cc6efc-d25f-4696-92ca-ed1fbdfa5939}</UniqueIdentifier>
    </Filter>
    <Filter Include="Cpp\Discarded\ShadowMesh">
      <UniqueIdentifier>{daafc57b-b017-44a8-9fc7-008260cc7778}</UniqueIdentifier>
    </Filter>
    <Filter Include="Header\Discarded">
      <UniqueIdentifier>{987841be-ad42-4811-b046-24b20185bf8a}</UniqueIdentifier>
    </Filter>
    <Filter Include="Header\Discarded\ObjectMesh">
      <UniqueIdentifier>{b698eccb-c8b8-4d39-ae0c-9f728f953983}</UniqueIdentifier>
    </Filter>
    <Filter Include="Header\Discarded\ShadowMesh">
      <UniqueIdentifier>{0ec22d02-86e4-41d6-9174-5a70f302687e}</UniqueIdentifier>
    </Filter>
    <Filter Include="Shaders\Compute">
      <UniqueIdentifier>{49b1fe88-db2d-47b1-b780-63cecb4f525a}</UniqueIdentifier>
    </Filter>
    <Filter Include="Shaders\Tess">
      <UniqueIdentifier>{9aceeb68-6ba6-4c86-a61e-a8ed0b5c43b5}</UniqueIdentifier>
    </Filter>
    <Filter Include="Shaders\Geometry">
      <UniqueIdentifier>{1038f7f9-149d-4176-ac38-afe022c7a7d0}</UniqueIdentifier>
    </Filter>
    <Filter Include="cuda">
      <UniqueIdentifier>{28942be9-feb4-4dff-a1fb-6068e3b3bb3e}</UniqueIdentifier>
    </Filter>
  </ItemGroup>
  <ItemGroup>
    <ClInclude Include="..\Camera.h">
      <Filter>Header</Filter>
    </ClInclude>
    <ClInclude Include="..\Affine.h">
      <Filter>Header</Filter>
    </ClInclude>
    <ClInclude Include="..\Projection.h">
      <Filter>Header</Filter>
    </ClInclude>
    <ClInclude Include="..\Client.h">
      <Filter>Header</Filter>
    </ClInclude>
    <ClInclude Include="..\CubeMesh.h">
      <Filter>Header\Discarded\ObjectMesh</Filter>
    </ClInclude>
    <ClInclude Include="..\SnubDodecMesh.h">
      <Filter>Header\Discarded\ObjectMesh</Filter>
    </ClInclude>
    <ClInclude Include="..\Graphic.h">
      <Filter>Header</Filter>
    </ClInclude>
    <ClInclude Include="..\SimpleCube_Mesh.h">
      <Filter>Header\Discarded\ObjectMesh</Filter>
    </ClInclude>
    <ClInclude Include="..\Image.h">
      <Filter>Header</Filter>
    </ClInclude>
    <ClInclude Include="..\State.h">
      <Filter>Engine\Hpp</Filter>
    </ClInclude>
    <ClInclude Include="..\Level1.h">
      <Filter>Engine\Hpp</Filter>
    </ClInclude>
    <ClInclude Include="..\Light_Mesh.h">
      <Filter>Header\Discarded\ObjectMesh</Filter>
    </ClInclude>
    <ClInclude Include="..\Shader_Table.hpp">
      <Filter>Shaders</Filter>
    </ClInclude>
    <ClInclude Include="Affine2.h">
      <Filter>Header</Filter>
    </ClInclude>
    <ClInclude Include="..\ObjLoader.h">
      <Filter>Header</Filter>
    </ClInclude>
    <ClInclude Include="..\Ground.h">
      <Filter>Header\Discarded</Filter>
    </ClInclude>
    <ClInclude Include="..\Mesh.h">
      <Filter>Header\Discarded</Filter>
    </ClInclude>
    <ClInclude Include="..\Mesh_Object.h">
      <Filter>Header\Discarded</Filter>
    </ClInclude>
    <ClInclude Include="..\Object.h">
      <Filter>Header\Discarded</Filter>
    </ClInclude>
    <ClInclude Include="..\Object_ExceptShadow.h">
      <Filter>Header\Discarded</Filter>
    </ClInclude>
    <ClInclude Include="..\Shader.h">
      <Filter>Header</Filter>
    </ClInclude>
    <ClInclude Include="..\LoadedObj.h">
      <Filter>Header</Filter>
    </ClInclude>
    <ClInclude Include="..\UniformManager.h">
      <Filter>Header</Filter>
    </ClInclude>
    <ClInclude Include="..\DrawingManager.h">
      <Filter>Header</Filter>
    </ClInclude>
    <ClInclude Include="..\CameraManager.h">
      <Filter>Header</Filter>
    </ClInclude>
    <ClInclude Include="..\RaycastManager.h">
      <Filter>Header</Filter>
    </ClInclude>
    <ClInclude Include="..\PositionConverter.h">
      <Filter>Header</Filter>
    </ClInclude>
    <ClInclude Include="..\Level2.h">
      <Filter>Engine\Hpp</Filter>
    </ClInclude>
    <ClInclude Include="Vertex.h">
      <Filter>Header</Filter>
    </ClInclude>
    <ClInclude Include="..\Sphere_mesh.h">
      <Filter>Header</Filter>
    </ClInclude>
    <ClInclude Include="..\BinaryFileManager.h">
      <Filter>Header</Filter>
    </ClInclude>
    <ClInclude Include="..\FrameBuffer.h">
      <Filter>Header</Filter>
    </ClInclude>
    <ClInclude Include="..\Skybox.h">
      <Filter>Header</Filter>
    </ClInclude>
    <ClInclude Include="..\OutLine.h">
      <Filter>Header</Filter>
    </ClInclude>
    <ClInclude Include="SimpleMeshes.h">
      <Filter>Header</Filter>
    </ClInclude>
    <ClInclude Include="..\Particle.h">
      <Filter>Header</Filter>
    </ClInclude>
    <ClInclude Include="..\Level3.h">
      <Filter>Engine\Hpp</Filter>
    </ClInclude>
    <ClInclude Include="..\ParticleInstance.h">
      <Filter>Header</Filter>
    </ClInclude>
    <ClInclude Include="..\Level4.h">
      <Filter>Engine\Hpp</Filter>
    </ClInclude>
    <ClInclude Include="..\Water.h">
      <Filter>Header</Filter>
    </ClInclude>
    <ClInclude Include="..\WaterFrameBuffer.h">
      <Filter>Header</Filter>
    </ClInclude>
    <ClInclude Include="..\Texture.h">
      <Filter>Header</Filter>
    </ClInclude>
    <ClInclude Include="FrameBufferTexturing.h">
      <Filter>Header</Filter>
    </ClInclude>
    <ClInclude Include="..\VAO.h">
      <Filter>Header</Filter>
    </ClInclude>
    <ClInclude Include="..\WaterRenderer.h">
      <Filter>Header</Filter>
    </ClInclude>
    <ClInclude Include="..\Level5.h">
      <Filter>Engine\Hpp</Filter>
    </ClInclude>
    <ClInclude Include="..\Level6.h">
      <Filter>Engine\Hpp</Filter>
    </ClInclude>
    <ClInclude Include="ComputeShaderRaytracing.glsl">
      <Filter>Shaders\Compute</Filter>
    </ClInclude>
    <ClInclude Include="..\Level7.h">
      <Filter>Engine\Hpp</Filter>
    </ClInclude>
    <ClInclude Include="..\Model.h">
      <Filter>Header</Filter>
    </ClInclude>
    <ClInclude Include="..\Buffer.hpp">
      <Filter>Header</Filter>
    </ClInclude>
    <ClInclude Include="..\KtxFileLoader.h">
      <Filter>Header</Filter>
    </ClInclude>
    <ClInclude Include="..\DebugApi.h">
      <Filter>Header</Filter>
    </ClInclude>
    <ClInclude Include="..\vmath.h">
      <Filter>Header</Filter>
    </ClInclude>
    <ClInclude Include="..\Level8.h">
      <Filter>Engine\Hpp</Filter>
    </ClInclude>
    <ClInclude Include="..\Header.h">
      <Filter>Header</Filter>
    </ClInclude>
    <ClInclude Include="..\Level9.h">
      <Filter>Engine\Hpp</Filter>
    </ClInclude>
    <ClInclude Include="WaterComputeShader.glsl">
      <Filter>Shaders\Compute</Filter>
    </ClInclude>
    <ClInclude Include="..\InputManager.h">
      <Filter>Header</Filter>
    </ClInclude>
    <ClInclude Include="..\loadTga.h">
      <Filter>Header</Filter>
    </ClInclude>
    <ClInclude Include="..\TgaTexture.h">
      <Filter>Header</Filter>
    </ClInclude>
    <ClInclude Include="..\Level10.h">
      <Filter>Engine\Hpp</Filter>
    </ClInclude>
    <ClInclude Include="..\FluidCompute.h">
      <Filter>Header</Filter>
    </ClInclude>
    <ClInclude Include="..\FluidGrid.h">
      <Filter>Header</Filter>
    </ClInclude>
    <ClInclude Include="..\FluidParticle.h">
      <Filter>Header</Filter>
    </ClInclude>
    <ClInclude Include="..\Level11.h">
      <Filter>Engine\Hpp</Filter>
    </ClInclude>
    <ClInclude Include="Test.cuh">
      <Filter>cuda</Filter>
    </ClInclude>
    <ClInclude Include="..\SandParticle.h">
      <Filter>Header</Filter>
    </ClInclude>
  </ItemGroup>
  <ItemGroup>
    <None Include="ShadowVertex.glsl">
      <Filter>Shaders\Vertex</Filter>
    </None>
    <None Include="SimpleVertex.glsl">
      <Filter>Shaders\Vertex</Filter>
    </None>
    <None Include="Vertexshader.glsl">
      <Filter>Shaders\Vertex</Filter>
    </None>
    <None Include="Vertexshader_Texture.glsl">
      <Filter>Shaders\Vertex</Filter>
    </None>
    <None Include="Fragmentshader.glsl">
      <Filter>Shaders\Fragment</Filter>
    </None>
    <None Include="Fragmentshader_Texture.glsl">
      <Filter>Shaders\Fragment</Filter>
    </None>
    <None Include="ShadowFragment.glsl">
      <Filter>Shaders\Fragment</Filter>
    </None>
    <None Include="SimpleFragment.glsl">
      <Filter>Shaders\Fragment</Filter>
    </None>
    <None Include="LightFragment.glsl">
      <Filter>Shaders\Fragment</Filter>
    </None>
    <None Include="LightVertex.glsl">
      <Filter>Shaders\Vertex</Filter>
    </None>
    <None Include="VertexShaderInstance.glsl">
      <Filter>Shaders\Vertex</Filter>
    </None>
    <None Include="FragmentShaderInstance.glsl">
      <Filter>Shaders\Fragment</Filter>
    </None>
    <None Include="SingleColorFragmentShader.glsl">
      <Filter>Shaders\Fragment</Filter>
    </None>
    <None Include="SingleColorVertexShader.glsl">
      <Filter>Shaders\Vertex</Filter>
    </None>
    <None Include="FrameBufferFragment.glsl">
      <Filter>Shaders\Fragment</Filter>
    </None>
    <None Include="FrameBufferVertex.glsl">
      <Filter>Shaders\Vertex</Filter>
    </None>
    <None Include="..\ToonifyPostPorcessiongFilterFragment.glsl">
      <Filter>Shaders\Fragment</Filter>
    </None>
    <None Include="SkyboxVertex.glsl">
      <Filter>Shaders\Vertex</Filter>
    </None>
    <None Include="SkyboxFragment.glsl">
      <Filter>Shaders\Fragment</Filter>
    </None>
    <None Include="ParticleColoredFragment.glsl">
      <Filter>Shaders\Fragment</Filter>
    </None>
    <None Include="ParticleColoredVertex.glsl">
      <Filter>Shaders\Vertex</Filter>
    </None>
    <None Include="WaterFragment.glsl">
      <Filter>Shaders\Fragment</Filter>
    </None>
    <None Include="WaterVertex.glsl">
      <Filter>Shaders\Vertex</Filter>
    </None>
    <None Include="ComputeShader.glsl">
      <Filter>Shaders\Compute</Filter>
    </None>
    <None Include="ComputeShaderPrefix.glsl">
      <Filter>Shaders\Compute</Filter>
    </None>
    <None Include="ComputeShaderBasic.glsl">
      <Filter>Shaders\Compute</Filter>
    </None>
    <None Include="ComputeShaderFlocking.glsl">
      <Filter>Shaders\Compute</Filter>
    </None>
    <None Include="FlockingShaderVertex.glsl">
      <Filter>Shaders\Vertex</Filter>
    </None>
    <None Include="FlockingFragmentShader.glsl">
      <Filter>Shaders\Fragment</Filter>
    </None>
    <None Include="HdrBloomFilterVertex.glsl">
      <Filter>Shaders\Vertex</Filter>
    </None>
    <None Include="HdrBloomFilterFragment.glsl">
      <Filter>Shaders\Fragment</Filter>
    </None>
    <None Include="HdrBloomResolveVertex.glsl">
      <Filter>Shaders\Vertex</Filter>
    </None>
    <None Include="HdrBloomResolveFragment.glsl">
      <Filter>Shaders\Fragment</Filter>
    </None>
    <None Include="HdrBloomSceneFragment.glsl">
      <Filter>Shaders\Fragment</Filter>
    </None>
    <None Include="HdrBloomSceneVertex.glsl">
      <Filter>Shaders\Vertex</Filter>
    </None>
    <None Include="GroundTesselationControl.glsl">
      <Filter>Shaders\Tess</Filter>
    </None>
    <None Include="GroundTesselationEvaluation.glsl">
      <Filter>Shaders\Tess</Filter>
    </None>
    <None Include="GroundVertex.glsl">
      <Filter>Shaders\Vertex</Filter>
    </None>
    <None Include="GroundFragment.glsl">
      <Filter>Shaders\Fragment</Filter>
    </None>
    <None Include="ParticleCollisionVertex.glsl">
      <Filter>Shaders\Vertex</Filter>
    </None>
    <None Include="ParticleCollisionFragment.glsl">
      <Filter>Shaders\Fragment</Filter>
    </None>
    <None Include="ParticleCollisionGeometry.glsl">
      <Filter>Shaders\Geometry</Filter>
    </None>
    <None Include="ParticleCollisionCompute.glsl">
      <Filter>Shaders\Compute</Filter>
    </None>
    <None Include="cubeGeometry.glsl">
      <Filter>Shaders\Geometry</Filter>
    </None>
    <None Include="tracePrepareVertex.glsl">
      <Filter>Shaders\Vertex</Filter>
    </None>
    <None Include="tracePrepareFragment.glsl">
      <Filter>Shaders\Fragment</Filter>
    </None>
    <None Include="traceVertex.glsl">
      <Filter>Shaders\Vertex</Filter>
    </None>
    <None Include="traceFragment.glsl">
      <Filter>Shaders\Fragment</Filter>
    </None>
    <None Include="traceBlitFragment.glsl">
      <Filter>Shaders\Fragment</Filter>
    </None>
    <None Include="traceBlitVertex.glsl">
      <Filter>Shaders\Vertex</Filter>
    </None>
    <None Include="particleComputeShader.glsl">
      <Filter>Shaders\Compute</Filter>
    </None>
    <None Include="particleFragmentShader.glsl">
      <Filter>Shaders\Fragment</Filter>
    </None>
    <None Include="particleVertexShader.glsl">
      <Filter>Shaders\Vertex</Filter>
    </None>
    <None Include="particleGeometry.glsl">
      <Filter>Shaders\Geometry</Filter>
    </None>
    <None Include="FluidFragment.glsl">
      <Filter>Shaders\Fragment</Filter>
    </None>
    <None Include="FluidVertex.glsl">
      <Filter>Shaders\Vertex</Filter>
    </None>
    <None Include="FluidCompute.glsl">
      <Filter>Shaders\Compute</Filter>
    </None>
    <None Include="ComputeShaderFluidNeighbor.glsl">
      <Filter>Shaders\Compute</Filter>
    </None>
    <None Include="fluidGeometry.glsl">
      <Filter>Shaders\Geometry</Filter>
    </None>
    <None Include="FluidCompute2.glsl">
      <Filter>Shaders\Compute</Filter>
    </None>
    <None Include="FluidFragment2.glsl">
      <Filter>Shaders\Fragment</Filter>
    </None>
    <None Include="FluidVertex2.glsl">
      <Filter>Shaders\Vertex</Filter>
    </None>
    <None Include="2DVertex.glsl">
      <Filter>Shaders\Vertex</Filter>
    </None>
    <None Include="2DFragment.glsl">
      <Filter>Shaders\Fragment</Filter>
    </None>
    <None Include="VertexOnePoint.glsl">
      <Filter>Shaders\Vertex</Filter>
    </None>
  </ItemGroup>
  <ItemGroup>
    <CudaCompile Include="Test.cu">
      <Filter>cuda</Filter>
    </CudaCompile>
  </ItemGroup>
</Project>